
Microsoft Visual Studio Solution File, Format Version 12.00
# Visual Studio Version 16
VisualStudioVersion = 16.0.30523.141
MinimumVisualStudioVersion = 10.0.40219.1
Project("{FAE04EC0-301F-11D3-BF4B-00C04F79EFBC}") = "Homework07-1", "Homework07-1\Homework07-1.csproj", "{2AEE3A7C-6216-45CB-B331-EC3B314DE899}"
EndProject
Global
	GlobalSection(SolutionConfigurationPlatforms) = preSolution
		Debug|Any CPU = Debug|Any CPU
		Release|Any CPU = Release|Any CPU
	EndGlobalSection
	GlobalSection(ProjectConfigurationPlatforms) = postSolution
		{2AEE3A7C-6216-45CB-B331-EC3B314DE899}.Debug|Any CPU.ActiveCfg = Debug|Any CPU
		{2AEE3A7C-6216-45CB-B331-EC3B314DE899}.Debug|Any CPU.Build.0 = Debug|Any CPU
		{2AEE3A7C-6216-45CB-B331-EC3B314DE899}.Release|Any CPU.ActiveCfg = Release|Any CPU
		{2AEE3A7C-6216-45CB-B331-EC3B314DE899}.Release|Any CPU.Build.0 = Release|Any CPU
	EndGlobalSection
	GlobalSection(SolutionProperties) = preSolution
		HideSolutionNode = FALSE
	EndGlobalSection
	GlobalSection(ExtensibilityGlobals) = postSolution
		SolutionGuid = {13BE901C-0D95-4D98-AF40-3B46E6B33597}
	EndGlobalSection
EndGlobal
